
Microsoft Visual Studio Solution File, Format Version 12.00
# Visual Studio Version 17
VisualStudioVersion = 17.5.002.0
MinimumVisualStudioVersion = 10.0.40219.1
Project("{9A19103F-16F7-4668-BE54-9A1E7A4F7556}") = "Rock Paper Scissor", "Rock Paper Scissor.csproj", "{AA82BE07-B1C4-46FB-85DE-C9E45D83A099}"
EndProject
Global
	GlobalSection(SolutionConfigurationPlatforms) = preSolution
		Debug|Any CPU = Debug|Any CPU
		Release|Any CPU = Release|Any CPU
	EndGlobalSection
	GlobalSection(ProjectConfigurationPlatforms) = postSolution
		{AA82BE07-B1C4-46FB-85DE-C9E45D83A099}.Debug|Any CPU.ActiveCfg = Debug|Any CPU
		{AA82BE07-B1C4-46FB-85DE-C9E45D83A099}.Debug|Any CPU.Build.0 = Debug|Any CPU
		{AA82BE07-B1C4-46FB-85DE-C9E45D83A099}.Release|Any CPU.ActiveCfg = Release|Any CPU
		{AA82BE07-B1C4-46FB-85DE-C9E45D83A099}.Release|Any CPU.Build.0 = Release|Any CPU
	EndGlobalSection
	GlobalSection(SolutionProperties) = preSolution
		HideSolutionNode = FALSE
	EndGlobalSection
	GlobalSection(ExtensibilityGlobals) = postSolution
		SolutionGuid = {8D69A551-1BDF-450A-8CB9-67AFF6F9B0B9}
	EndGlobalSection
EndGlobal
