
Microsoft Visual Studio Solution File, Format Version 12.00
# Visual Studio Version 17
VisualStudioVersion = 17.5.002.0
MinimumVisualStudioVersion = 10.0.40219.1
Project("{9A19103F-16F7-4668-BE54-9A1E7A4F7556}") = "Dice game (with 2 dice)", "Dice game (with 2 dice).csproj", "{2591506A-7070-476F-BE14-578C83C5EA76}"
EndProject
Global
	GlobalSection(SolutionConfigurationPlatforms) = preSolution
		Debug|Any CPU = Debug|Any CPU
		Release|Any CPU = Release|Any CPU
	EndGlobalSection
	GlobalSection(ProjectConfigurationPlatforms) = postSolution
		{2591506A-7070-476F-BE14-578C83C5EA76}.Debug|Any CPU.ActiveCfg = Debug|Any CPU
		{2591506A-7070-476F-BE14-578C83C5EA76}.Debug|Any CPU.Build.0 = Debug|Any CPU
		{2591506A-7070-476F-BE14-578C83C5EA76}.Release|Any CPU.ActiveCfg = Release|Any CPU
		{2591506A-7070-476F-BE14-578C83C5EA76}.Release|Any CPU.Build.0 = Release|Any CPU
	EndGlobalSection
	GlobalSection(SolutionProperties) = preSolution
		HideSolutionNode = FALSE
	EndGlobalSection
	GlobalSection(ExtensibilityGlobals) = postSolution
		SolutionGuid = {AC405064-ACA7-499F-B862-4AFF1870219A}
	EndGlobalSection
EndGlobal
